// !$*UTF8*$!
{
	archiveVersion = 1;
	classes = {
	};
	objectVersion = 46;
	objects = {

/* Begin PBXBuildFile section */
		CC93601E1BD1D12A00D07501 /* main.m in Sources */ = {isa = PBXBuildFile; fileRef = CC93601D1BD1D12A00D07501 /* main.m */; };
		CC9360211BD1D12A00D07501 /* AppDelegate.m in Sources */ = {isa = PBXBuildFile; fileRef = CC9360201BD1D12A00D07501 /* AppDelegate.m */; };
		CC9360241BD1D12A00D07501 /* ViewController.m in Sources */ = {isa = PBXBuildFile; fileRef = CC9360231BD1D12A00D07501 /* ViewController.m */; };
		CC9360271BD1D12A00D07501 /* Main.storyboard in Resources */ = {isa = PBXBuildFile; fileRef = CC9360251BD1D12A00D07501 /* Main.storyboard */; };
		CC9360291BD1D12A00D07501 /* Images.xcassets in Resources */ = {isa = PBXBuildFile; fileRef = CC9360281BD1D12A00D07501 /* Images.xcassets */; };
		CC93602C1BD1D12A00D07501 /* LaunchScreen.xib in Resources */ = {isa = PBXBuildFile; fileRef = CC93602A1BD1D12A00D07501 /* LaunchScreen.xib */; };
		CC9360381BD1D12A00D07501 /* _1__________Tests.m in Sources */ = {isa = PBXBuildFile; fileRef = CC9360371BD1D12A00D07501 /* _1__________Tests.m */; };
		CC9360431BD1DA2400D07501 /* CAPISViewController.m in Sources */ = {isa = PBXBuildFile; fileRef = CC9360421BD1DA2400D07501 /* CAPISViewController.m */; };
/* End PBXBuildFile section */

/* Begin PBXContainerItemProxy section */
		CC9360321BD1D12A00D07501 /* PBXContainerItemProxy */ = {
			isa = PBXContainerItemProxy;
			containerPortal = CC9360101BD1D12A00D07501 /* Project object */;
			proxyType = 1;
			remoteGlobalIDString = CC9360171BD1D12A00D07501;
			remoteInfo = "01_ 多种方法文件保存";
		};
/* End PBXContainerItemProxy section */

/* Begin PBXFileReference section */
		CC9360181BD1D12A00D07501 /* 01_ 多种方法文件保存.app */ = {isa = PBXFileReference; explicitFileType = wrapper.application; includeInIndex = 0; path = "01_ 多种方法文件保存.app"; sourceTree = BUILT_PRODUCTS_DIR; };
		CC93601C1BD1D12A00D07501 /* Info.plist */ = {isa = PBXFileReference; lastKnownFileType = text.plist.xml; path = Info.plist; sourceTree = "<group>"; };
		CC93601D1BD1D12A00D07501 /* main.m */ = {isa = PBXFileReference; lastKnownFileType = sourcecode.c.objc; path = main.m; sourceTree = "<group>"; };
		CC93601F1BD1D12A00D07501 /* AppDelegate.h */ = {isa = PBXFileReference; lastKnownFileType = sourcecode.c.h; path = AppDelegate.h; sourceTree = "<group>"; };
		CC9360201BD1D12A00D07501 /* AppDelegate.m */ = {isa = PBXFileReference; lastKnownFileType = sourcecode.c.objc; path = AppDelegate.m; sourceTree = "<group>"; };
		CC9360221BD1D12A00D07501 /* ViewController.h */ = {isa = PBXFileReference; lastKnownFileType = sourcecode.c.h; path = ViewController.h; sourceTree = "<group>"; };
		CC9360231BD1D12A00D07501 /* ViewController.m */ = {isa = PBXFileReference; lastKnownFileType = sourcecode.c.objc; path = ViewController.m; sourceTree = "<group>"; };
		CC9360261BD1D12A00D07501 /* Base */ = {isa = PBXFileReference; lastKnownFileType = file.storyboard; name = Base; path = Base.lproj/Main.storyboard; sourceTree = "<group>"; };
		CC9360281BD1D12A00D07501 /* Images.xcassets */ = {isa = PBXFileReference; lastKnownFileType = folder.assetcatalog; path = Images.xcassets; sourceTree = "<group>"; };
		CC93602B1BD1D12A00D07501 /* Base */ = {isa = PBXFileReference; lastKnownFileType = file.xib; name = Base; path = Base.lproj/LaunchScreen.xib; sourceTree = "<group>"; };
		CC9360311BD1D12A00D07501 /* 01_ 多种方法文件保存Tests.xctest */ = {isa = PBXFileReference; explicitFileType = wrapper.cfbundle; includeInIndex = 0; path = "01_ 多种方法文件保存Tests.xctest"; sourceTree = BUILT_PRODUCTS_DIR; };
		CC9360361BD1D12A00D07501 /* Info.plist */ = {isa = PBXFileReference; lastKnownFileType = text.plist.xml; path = Info.plist; sourceTree = "<group>"; };
		CC9360371BD1D12A00D07501 /* _1__________Tests.m */ = {isa = PBXFileReference; lastKnownFileType = sourcecode.c.objc; path = "_1__________Tests.m"; sourceTree = "<group>"; };
		CC9360411BD1DA2400D07501 /* CAPISViewController.h */ = {isa = PBXFileReference; fileEncoding = 4; lastKnownFileType = sourcecode.c.h; path = CAPISViewController.h; sourceTree = "<group>"; };
		CC9360421BD1DA2400D07501 /* CAPISViewController.m */ = {isa = PBXFileReference; fileEncoding = 4; lastKnownFileType = sourcecode.c.objc; path = CAPISViewController.m; sourceTree = "<group>"; };
/* End PBXFileReference section */

/* Begin PBXFrameworksBuildPhase section */
		CC9360151BD1D12A00D07501 /* Frameworks */ = {
			isa = PBXFrameworksBuildPhase;
			buildActionMask = 2147483647;
			files = (
			);
			runOnlyForDeploymentPostprocessing = 0;
		};
		CC93602E1BD1D12A00D07501 /* Frameworks */ = {
			isa = PBXFrameworksBuildPhase;
			buildActionMask = 2147483647;
			files = (
			);
			runOnlyForDeploymentPostprocessing = 0;
		};
/* End PBXFrameworksBuildPhase section */

/* Begin PBXGroup section */
		CC93600F1BD1D12A00D07501 = {
			isa = PBXGroup;
			children = (
				CC93601A1BD1D12A00D07501 /* 01_ 多种方法文件保存 */,
				CC9360341BD1D12A00D07501 /* 01_ 多种方法文件保存Tests */,
				CC9360191BD1D12A00D07501 /* Products */,
			);
			sourceTree = "<group>";
		};
		CC9360191BD1D12A00D07501 /* Products */ = {
			isa = PBXGroup;
			children = (
				CC9360181BD1D12A00D07501 /* 01_ 多种方法文件保存.app */,
				CC9360311BD1D12A00D07501 /* 01_ 多种方法文件保存Tests.xctest */,
			);
			name = Products;
			sourceTree = "<group>";
		};
		CC93601A1BD1D12A00D07501 /* 01_ 多种方法文件保存 */ = {
			isa = PBXGroup;
			children = (
				CC93601F1BD1D12A00D07501 /* AppDelegate.h */,
				CC9360201BD1D12A00D07501 /* AppDelegate.m */,
				CC9360221BD1D12A00D07501 /* ViewController.h */,
				CC9360231BD1D12A00D07501 /* ViewController.m */,
				CC9360411BD1DA2400D07501 /* CAPISViewController.h */,
				CC9360421BD1DA2400D07501 /* CAPISViewController.m */,
				CC9360251BD1D12A00D07501 /* Main.storyboard */,
				CC9360281BD1D12A00D07501 /* Images.xcassets */,
				CC93602A1BD1D12A00D07501 /* LaunchScreen.xib */,
				CC93601B1BD1D12A00D07501 /* Supporting Files */,
			);
			path = "01_ 多种方法文件保存";
			sourceTree = "<group>";
		};
		CC93601B1BD1D12A00D07501 /* Supporting Files */ = {
			isa = PBXGroup;
			children = (
				CC93601C1BD1D12A00D07501 /* Info.plist */,
				CC93601D1BD1D12A00D07501 /* main.m */,
			);
			name = "Supporting Files";
			sourceTree = "<group>";
		};
		CC9360341BD1D12A00D07501 /* 01_ 多种方法文件保存Tests */ = {
			isa = PBXGroup;
			children = (
				CC9360371BD1D12A00D07501 /* _1__________Tests.m */,
				CC9360351BD1D12A00D07501 /* Supporting Files */,
			);
			path = "01_ 多种方法文件保存Tests";
			sourceTree = "<group>";
		};
		CC9360351BD1D12A00D07501 /* Supporting Files */ = {
			isa = PBXGroup;
			children = (
				CC9360361BD1D12A00D07501 /* Info.plist */,
			);
			name = "Supporting Files";
			sourceTree = "<group>";
		};
/* End PBXGroup section */

/* Begin PBXNativeTarget section */
		CC9360171BD1D12A00D07501 /* 01_ 多种方法文件保存 */ = {
			isa = PBXNativeTarget;
			buildConfigurationList = CC93603B1BD1D12A00D07501 /* Build configuration list for PBXNativeTarget "01_ 多种方法文件保存" */;
			buildPhases = (
				CC9360141BD1D12A00D07501 /* Sources */,
				CC9360151BD1D12A00D07501 /* Frameworks */,
				CC9360161BD1D12A00D07501 /* Resources */,
			);
			buildRules = (
			);
			dependencies = (
			);
			name = "01_ 多种方法文件保存";
			productName = "01_ 多种方法文件保存";
			productReference = CC9360181BD1D12A00D07501 /* 01_ 多种方法文件保存.app */;
			productType = "com.apple.product-type.application";
		};
		CC9360301BD1D12A00D07501 /* 01_ 多种方法文件保存Tests */ = {
			isa = PBXNativeTarget;
			buildConfigurationList = CC93603E1BD1D12A00D07501 /* Build configuration list for PBXNativeTarget "01_ 多种方法文件保存Tests" */;
			buildPhases = (
				CC93602D1BD1D12A00D07501 /* Sources */,
				CC93602E1BD1D12A00D07501 /* Frameworks */,
				CC93602F1BD1D12A00D07501 /* Resources */,
			);
			buildRules = (
			);
			dependencies = (
				CC9360331BD1D12A00D07501 /* PBXTargetDependency */,
			);
			name = "01_ 多种方法文件保存Tests";
			productName = "01_ 多种方法文件保存Tests";
			productReference = CC9360311BD1D12A00D07501 /* 01_ 多种方法文件保存Tests.xctest */;
			productType = "com.apple.product-type.bundle.unit-test";
		};
/* End PBXNativeTarget section */

/* Begin PBXProject section */
		CC9360101BD1D12A00D07501 /* Project object */ = {
			isa = PBXProject;
			attributes = {
				LastUpgradeCheck = 0640;
				ORGANIZATIONNAME = lmy;
				TargetAttributes = {
					CC9360171BD1D12A00D07501 = {
						CreatedOnToolsVersion = 6.4;
					};
					CC9360301BD1D12A00D07501 = {
						CreatedOnToolsVersion = 6.4;
						TestTargetID = CC9360171BD1D12A00D07501;
					};
				};
			};
			buildConfigurationList = CC9360131BD1D12A00D07501 /* Build configuration list for PBXProject "01_ 多种方法文件保存" */;
			compatibilityVersion = "Xcode 3.2";
			developmentRegion = English;
			hasScannedForEncodings = 0;
			knownRegions = (
				en,
				Base,
			);
			mainGroup = CC93600F1BD1D12A00D07501;
			productRefGroup = CC9360191BD1D12A00D07501 /* Products */;
			projectDirPath = "";
			projectRoot = "";
			targets = (
				CC9360171BD1D12A00D07501 /* 01_ 多种方法文件保存 */,
				CC9360301BD1D12A00D07501 /* 01_ 多种方法文件保存Tests */,
			);
		};
/* End PBXProject section */

/* Begin PBXResourcesBuildPhase section */
		CC9360161BD1D12A00D07501 /* Resources */ = {
			isa = PBXResourcesBuildPhase;
			buildActionMask = 2147483647;
			files = (
				CC9360271BD1D12A00D07501 /* Main.storyboard in Resources */,
				CC93602C1BD1D12A00D07501 /* LaunchScreen.xib in Resources */,
				CC9360291BD1D12A00D07501 /* Images.xcassets in Resources */,
			);
			runOnlyForDeploymentPostprocessing = 0;
		};
		CC93602F1BD1D12A00D07501 /* Resources */ = {
			isa = PBXResourcesBuildPhase;
			buildActionMask = 2147483647;
			files = (
			);
			runOnlyForDeploymentPostprocessing = 0;
		};
/* End PBXResourcesBuildPhase section */

/* Begin PBXSourcesBuildPhase section */
		CC9360141BD1D12A00D07501 /* Sources */ = {
			isa = PBXSourcesBuildPhase;
			buildActionMask = 2147483647;
			files = (
				CC9360241BD1D12A00D07501 /* ViewController.m in Sources */,
				CC9360211BD1D12A00D07501 /* AppDelegate.m in Sources */,
				CC93601E1BD1D12A00D07501 /* main.m in Sources */,
				CC9360431BD1DA2400D07501 /* CAPISViewController.m in Sources */,
			);
			runOnlyForDeploymentPostprocessing = 0;
		};
		CC93602D1BD1D12A00D07501 /* Sources */ = {
			isa = PBXSourcesBuildPhase;
			buildActionMask = 2147483647;
			files = (
				CC9360381BD1D12A00D07501 /* _1__________Tests.m in Sources */,
			);
			runOnlyForDeploymentPostprocessing = 0;
		};
/* End PBXSourcesBuildPhase section */

/* Begin PBXTargetDependency section */
		CC9360331BD1D12A00D07501 /* PBXTargetDependency */ = {
			isa = PBXTargetDependency;
			target = CC9360171BD1D12A00D07501 /* 01_ 多种方法文件保存 */;
			targetProxy = CC9360321BD1D12A00D07501 /* PBXContainerItemProxy */;
		};
/* End PBXTargetDependency section */

/* Begin PBXVariantGroup section */
		CC9360251BD1D12A00D07501 /* Main.storyboard */ = {
			isa = PBXVariantGroup;
			children = (
				CC9360261BD1D12A00D07501 /* Base */,
			);
			name = Main.storyboard;
			sourceTree = "<group>";
		};
		CC93602A1BD1D12A00D07501 /* LaunchScreen.xib */ = {
			isa = PBXVariantGroup;
			children = (
				CC93602B1BD1D12A00D07501 /* Base */,
			);
			name = LaunchScreen.xib;
			sourceTree = "<group>";
		};
/* End PBXVariantGroup section */

/* Begin XCBuildConfiguration section */
		CC9360391BD1D12A00D07501 /* Debug */ = {
			isa = XCBuildConfiguration;
			buildSettings = {
				ALWAYS_SEARCH_USER_PATHS = NO;
				CLANG_CXX_LANGUAGE_STANDARD = "gnu++0x";
				CLANG_CXX_LIBRARY = "libc++";
				CLANG_ENABLE_MODULES = YES;
				CLANG_ENABLE_OBJC_ARC = YES;
				CLANG_WARN_BOOL_CONVERSION = YES;
				CLANG_WARN_CONSTANT_CONVERSION = YES;
				CLANG_WARN_DIRECT_OBJC_ISA_USAGE = YES_ERROR;
				CLANG_WARN_EMPTY_BODY = YES;
				CLANG_WARN_ENUM_CONVERSION = YES;
				CLANG_WARN_INT_CONVERSION = YES;
				CLANG_WARN_OBJC_ROOT_CLASS = YES_ERROR;
				CLANG_WARN_UNREACHABLE_CODE = YES;
				CLANG_WARN__DUPLICATE_METHOD_MATCH = YES;
				"CODE_SIGN_IDENTITY[sdk=iphoneos*]" = "iPhone Developer";
				COPY_PHASE_STRIP = NO;
				DEBUG_INFORMATION_FORMAT = "dwarf-with-dsym";
				ENABLE_STRICT_OBJC_MSGSEND = YES;
				GCC_C_LANGUAGE_STANDARD = gnu99;
				GCC_DYNAMIC_NO_PIC = NO;
				GCC_NO_COMMON_BLOCKS = YES;
				GCC_OPTIMIZATION_LEVEL = 0;
				GCC_PREPROCESSOR_DEFINITIONS = (
					"DEBUG=1",
					"$(inherited)",
				);
				GCC_SYMBOLS_PRIVATE_EXTERN = NO;
				GCC_WARN_64_TO_32_BIT_CONVERSION = YES;
				GCC_WARN_ABOUT_RETURN_TYPE = YES_ERROR;
				GCC_WARN_UNDECLARED_SELECTOR = YES;
				GCC_WARN_UNINITIALIZED_AUTOS = YES_AGGRESSIVE;
				GCC_WARN_UNUSED_FUNCTION = YES;
				GCC_WARN_UNUSED_VARIABLE = YES;
				IPHONEOS_DEPLOYMENT_TARGET = 8.4;
				MTL_ENABLE_DEBUG_INFO = YES;
				ONLY_ACTIVE_ARCH = YES;
				SDKROOT = iphoneos;
				TARGETED_DEVICE_FAMILY = "1,2";
			};
			name = Debug;
		};
		CC93603A1BD1D12A00D07501 /* Release */ = {
			isa = XCBuildConfiguration;
			buildSettings = {
				ALWAYS_SEARCH_USER_PATHS = NO;
				CLANG_CXX_LANGUAGE_STANDARD = "gnu++0x";
				CLANG_CXX_LIBRARY = "libc++";
				CLANG_ENABLE_MODULES = YES;
				CLANG_ENABLE_OBJC_ARC = YES;
				CLANG_WARN_BOOL_CONVERSION = YES;
				CLANG_WARN_CONSTANT_CONVERSION = YES;
				CLANG_WARN_DIRECT_OBJC_ISA_USAGE = YES_ERROR;
				CLANG_WARN_EMPTY_BODY = YES;
				CLANG_WARN_ENUM_CONVERSION = YES;
				CLANG_WARN_INT_CONVERSION = YES;
				CLANG_WARN_OBJC_ROOT_CLASS = YES_ERROR;
				CLANG_WARN_UNREACHABLE_CODE = YES;
				CLANG_WARN__DUPLICATE_METHOD_MATCH = YES;
				"CODE_SIGN_IDENTITY[sdk=iphoneos*]" = "iPhone Developer";
				COPY_PHASE_STRIP = NO;
				DEBUG_INFORMATION_FORMAT = "dwarf-with-dsym";
				ENABLE_NS_ASSERTIONS = NO;
				ENABLE_STRICT_OBJC_MSGSEND = YES;
				GCC_C_LANGUAGE_STANDARD = gnu99;
				GCC_NO_COMMON_BLOCKS = YES;
				GCC_WARN_64_TO_32_BIT_CONVERSION = YES;
				GCC_WARN_ABOUT_RETURN_TYPE = YES_ERROR;
				GCC_WARN_UNDECLARED_SELECTOR = YES;
				GCC_WARN_UNINITIALIZED_AUTOS = YES_AGGRESSIVE;
				GCC_WARN_UNUSED_FUNCTION = YES;
				GCC_WARN_UNUSED_VARIABLE = YES;
				IPHONEOS_DEPLOYMENT_TARGET = 8.4;
				MTL_ENABLE_DEBUG_INFO = NO;
				SDKROOT = iphoneos;
				TARGETED_DEVICE_FAMILY = "1,2";
				VALIDATE_PRODUCT = YES;
			};
			name = Release;
		};
		CC93603C1BD1D12A00D07501 /* Debug */ = {
			isa = XCBuildConfiguration;
			buildSettings = {
				ASSETCATALOG_COMPILER_APPICON_NAME = AppIcon;
				INFOPLIST_FILE = "01_ 多种方法文件保存/Info.plist";
				LD_RUNPATH_SEARCH_PATHS = "$(inherited) @executable_path/Frameworks";
				PRODUCT_NAME = "$(TARGET_NAME)";
			};
			name = Debug;
		};
		CC93603D1BD1D12A00D07501 /* Release */ = {
			isa = XCBuildConfiguration;
			buildSettings = {
				ASSETCATALOG_COMPILER_APPICON_NAME = AppIcon;
				INFOPLIST_FILE = "01_ 多种方法文件保存/Info.plist";
				LD_RUNPATH_SEARCH_PATHS = "$(inherited) @executable_path/Frameworks";
				PRODUCT_NAME = "$(TARGET_NAME)";
			};
			name = Release;
		};
		CC93603F1BD1D12A00D07501 /* Debug */ = {
			isa = XCBuildConfiguration;
			buildSettings = {
				BUNDLE_LOADER = "$(TEST_HOST)";
				FRAMEWORK_SEARCH_PATHS = (
					"$(SDKROOT)/Developer/Library/Frameworks",
					"$(inherited)",
				);
				GCC_PREPROCESSOR_DEFINITIONS = (
					"DEBUG=1",
					"$(inherited)",
				);
				INFOPLIST_FILE = "01_ 多种方法文件保存Tests/Info.plist";
				LD_RUNPATH_SEARCH_PATHS = "$(inherited) @executable_path/Frameworks @loader_path/Frameworks";
				PRODUCT_NAME = "$(TARGET_NAME)";
				TEST_HOST = "$(BUILT_PRODUCTS_DIR)/01_ 多种方法文件保存.app/01_ 多种方法文件保存";
			};
			name = Debug;
		};
		CC9360401BD1D12A00D07501 /* Release */ = {
			isa = XCBuildConfiguration;
			buildSettings = {
				BUNDLE_LOADER = "$(TEST_HOST)";
				FRAMEWORK_SEARCH_PATHS = (
					"$(SDKROOT)/Developer/Library/Frameworks",
					"$(inherited)",
				);
				INFOPLIST_FILE = "01_ 多种方法文件保存Tests/Info.plist";
				LD_RUNPATH_SEARCH_PATHS = "$(inherited) @executable_path/Frameworks @loader_path/Frameworks";
				PRODUCT_NAME = "$(TARGET_NAME)";
				TEST_HOST = "$(BUILT_PRODUCTS_DIR)/01_ 多种方法文件保存.app/01_ 多种方法文件保存";
			};
			name = Release;
		};
/* End XCBuildConfiguration section */

/* Begin XCConfigurationList section */
		CC9360131BD1D12A00D07501 /* Build configuration list for PBXProject "01_ 多种方法文件保存" */ = {
			isa = XCConfigurationList;
			buildConfigurations = (
				CC9360391BD1D12A00D07501 /* Debug */,
				CC93603A1BD1D12A00D07501 /* Release */,
			);
			defaultConfigurationIsVisible = 0;
			defaultConfigurationName = Release;
		};
		CC93603B1BD1D12A00D07501 /* Build configuration list for PBXNativeTarget "01_ 多种方法文件保存" */ = {
			isa = XCConfigurationList;
			buildConfigurations = (
				CC93603C1BD1D12A00D07501 /* Debug */,
				CC93603D1BD1D12A00D07501 /* Release */,
			);
			defaultConfigurationIsVisible = 0;
		};
		CC93603E1BD1D12A00D07501 /* Build configuration list for PBXNativeTarget "01_ 多种方法文件保存Tests" */ = {
			isa = XCConfigurationList;
			buildConfigurations = (
				CC93603F1BD1D12A00D07501 /* Debug */,
				CC9360401BD1D12A00D07501 /* Release */,
			);
			defaultConfigurationIsVisible = 0;
		};
/* End XCConfigurationList section */
	};
	rootObject = CC9360101BD1D12A00D07501 /* Project object */;
}
